# This file is automatically @generated by Cargo.
# It is not intended for manual editing.
version = 4

[[package]]
name = "cmux-rd-core"
version = "0.1.0"
dependencies = [
 "cmux-rd-proto",
]

[[package]]
name = "cmux-rd-ffi"
version = "0.1.0"
dependencies = [
 "cmux-rd-core",
 "cmux-rd-proto",
]

[[package]]
name = "cmux-rd-proto"
version = "0.1.0"
